# This file was autogenerated by Stack.
# You should not edit this file by hand.
# For more information, please see the documentation at:
#   https://docs.haskellstack.org/en/stable/topics/lock_files

packages:
- completed:
    hackage: hakyll-favicon-0.1.0@sha256:79ae766d7282129c2c1a10c4264c7bad4d44cb83fb76d6242bc4545ea5c2ade4,1361
    pantry-tree:
      sha256: c9760869d296e02b1eff9a61795a481c06a03b9f94f2db14ec0631078c88e0fc
      size: 375
  original:
    hackage: hakyll-favicon-0.1.0
snapshots:
- completed:
    sha256: 296a7960c37efa382432ab497161a092684191815eb92a608c5d6ea5f894ace3
    size: 683835
    url: https://raw.githubusercontent.com/commercialhaskell/stackage-snapshots/master/lts/23/19.yaml
  original:
    url: https://raw.githubusercontent.com/commercialhaskell/stackage-snapshots/master/lts/23/19.yaml
